// !$*UTF8*$!
{
	archiveVersion = 1;
	classes = {
	};
	objectVersion = 56;
	objects = {

/* Begin PBXBuildFile section */
		112CFDC22AAA33440070C6D5 /* AppDelegate.swift in Sources */ = {isa = PBXBuildFile; fileRef = 112CFDC12AAA33440070C6D5 /* AppDelegate.swift */; };
		112CFDC42AAA33440070C6D5 /* SceneDelegate.swift in Sources */ = {isa = PBXBuildFile; fileRef = 112CFDC32AAA33440070C6D5 /* SceneDelegate.swift */; };
		112CFDC62AAA33440070C6D5 /* MainViewController.swift in Sources */ = {isa = PBXBuildFile; fileRef = 112CFDC52AAA33440070C6D5 /* MainViewController.swift */; };
		112CFDCB2AAA33450070C6D5 /* Assets.xcassets in Resources */ = {isa = PBXBuildFile; fileRef = 112CFDCA2AAA33450070C6D5 /* Assets.xcassets */; };
		112CFDCE2AAA33450070C6D5 /* LaunchScreen.storyboard in Resources */ = {isa = PBXBuildFile; fileRef = 112CFDCC2AAA33450070C6D5 /* LaunchScreen.storyboard */; };
		112CFDD72AAA34EB0070C6D5 /* SnapKit in Frameworks */ = {isa = PBXBuildFile; productRef = 112CFDD62AAA34EB0070C6D5 /* SnapKit */; };
		112CFDDA2AAA399A0070C6D5 /* CurrentSalary.swift in Sources */ = {isa = PBXBuildFile; fileRef = 112CFDD92AAA399A0070C6D5 /* CurrentSalary.swift */; };
		112CFDDC2AAAE47D0070C6D5 /* ExpectedSalary.swift in Sources */ = {isa = PBXBuildFile; fileRef = 112CFDDB2AAAE47D0070C6D5 /* ExpectedSalary.swift */; };
		112CFDDE2AAAE9B40070C6D5 /* ReservedAmount.swift in Sources */ = {isa = PBXBuildFile; fileRef = 112CFDDD2AAAE9B40070C6D5 /* ReservedAmount.swift */; };
		112CFDE22AAAF9550070C6D5 /* SpendingViewController.swift in Sources */ = {isa = PBXBuildFile; fileRef = 112CFDE12AAAF9550070C6D5 /* SpendingViewController.swift */; };
		1169C56C2AB11ECB0030BE81 /* CalendarView.swift in Sources */ = {isa = PBXBuildFile; fileRef = 1169C56B2AB11ECB0030BE81 /* CalendarView.swift */; };
		1169C56E2AB27C330030BE81 /* SettingsView.swift in Sources */ = {isa = PBXBuildFile; fileRef = 1169C56D2AB27C330030BE81 /* SettingsView.swift */; };
/* End PBXBuildFile section */

/* Begin PBXFileReference section */
		112CFDBE2AAA33440070C6D5 /* MySalaryApp.app */ = {isa = PBXFileReference; explicitFileType = wrapper.application; includeInIndex = 0; path = MySalaryApp.app; sourceTree = BUILT_PRODUCTS_DIR; };
		112CFDC12AAA33440070C6D5 /* AppDelegate.swift */ = {isa = PBXFileReference; lastKnownFileType = sourcecode.swift; path = AppDelegate.swift; sourceTree = "<group>"; };
		112CFDC32AAA33440070C6D5 /* SceneDelegate.swift */ = {isa = PBXFileReference; lastKnownFileType = sourcecode.swift; path = SceneDelegate.swift; sourceTree = "<group>"; };
		112CFDC52AAA33440070C6D5 /* MainViewController.swift */ = {isa = PBXFileReference; lastKnownFileType = sourcecode.swift; path = MainViewController.swift; sourceTree = "<group>"; };
		112CFDCA2AAA33450070C6D5 /* Assets.xcassets */ = {isa = PBXFileReference; lastKnownFileType = folder.assetcatalog; path = Assets.xcassets; sourceTree = "<group>"; };
		112CFDCD2AAA33450070C6D5 /* Base */ = {isa = PBXFileReference; lastKnownFileType = file.storyboard; name = Base; path = Base.lproj/LaunchScreen.storyboard; sourceTree = "<group>"; };
		112CFDCF2AAA33450070C6D5 /* Info.plist */ = {isa = PBXFileReference; lastKnownFileType = text.plist.xml; path = Info.plist; sourceTree = "<group>"; };
		112CFDD92AAA399A0070C6D5 /* CurrentSalary.swift */ = {isa = PBXFileReference; lastKnownFileType = sourcecode.swift; path = CurrentSalary.swift; sourceTree = "<group>"; };
		112CFDDB2AAAE47D0070C6D5 /* ExpectedSalary.swift */ = {isa = PBXFileReference; lastKnownFileType = sourcecode.swift; path = ExpectedSalary.swift; sourceTree = "<group>"; };
		112CFDDD2AAAE9B40070C6D5 /* ReservedAmount.swift */ = {isa = PBXFileReference; lastKnownFileType = sourcecode.swift; path = ReservedAmount.swift; sourceTree = "<group>"; };
		112CFDE12AAAF9550070C6D5 /* SpendingViewController.swift */ = {isa = PBXFileReference; lastKnownFileType = sourcecode.swift; path = SpendingViewController.swift; sourceTree = "<group>"; };
		1169C56B2AB11ECB0030BE81 /* CalendarView.swift */ = {isa = PBXFileReference; lastKnownFileType = sourcecode.swift; path = CalendarView.swift; sourceTree = "<group>"; };
		1169C56D2AB27C330030BE81 /* SettingsView.swift */ = {isa = PBXFileReference; lastKnownFileType = sourcecode.swift; path = SettingsView.swift; sourceTree = "<group>"; };
/* End PBXFileReference section */

/* Begin PBXFrameworksBuildPhase section */
		112CFDBB2AAA33440070C6D5 /* Frameworks */ = {
			isa = PBXFrameworksBuildPhase;
			buildActionMask = 2147483647;
			files = (
				112CFDD72AAA34EB0070C6D5 /* SnapKit in Frameworks */,
			);
			runOnlyForDeploymentPostprocessing = 0;
		};
/* End PBXFrameworksBuildPhase section */

/* Begin PBXGroup section */
		112CFDB52AAA33440070C6D5 = {
			isa = PBXGroup;
			children = (
				112CFDC02AAA33440070C6D5 /* MySalaryApp */,
				112CFDBF2AAA33440070C6D5 /* Products */,
			);
			sourceTree = "<group>";
		};
		112CFDBF2AAA33440070C6D5 /* Products */ = {
			isa = PBXGroup;
			children = (
				112CFDBE2AAA33440070C6D5 /* MySalaryApp.app */,
			);
			name = Products;
			sourceTree = "<group>";
		};
		112CFDC02AAA33440070C6D5 /* MySalaryApp */ = {
			isa = PBXGroup;
			children = (
				1169C56F2AB27CDF0030BE81 /* Helpers */,
				1169C5722AB31BF80030BE81 /* Controllers */,
				112CFDD82AAA397C0070C6D5 /* Views */,
				1169C5742AB31C210030BE81 /* Resources */,
				1169C5732AB31C0F0030BE81 /* App */,
			);
			path = MySalaryApp;
			sourceTree = "<group>";
		};
		112CFDD82AAA397C0070C6D5 /* Views */ = {
			isa = PBXGroup;
			children = (
				1169C56A2AB11EAB0030BE81 /* SpendingVC */,
				1169C5692AB11EA20030BE81 /* MainVC */,
			);
			path = Views;
			sourceTree = "<group>";
		};
		1169C5692AB11EA20030BE81 /* MainVC */ = {
			isa = PBXGroup;
			children = (
				112CFDD92AAA399A0070C6D5 /* CurrentSalary.swift */,
				112CFDDB2AAAE47D0070C6D5 /* ExpectedSalary.swift */,
				112CFDDD2AAAE9B40070C6D5 /* ReservedAmount.swift */,
			);
			path = MainVC;
			sourceTree = "<group>";
		};
		1169C56A2AB11EAB0030BE81 /* SpendingVC */ = {
			isa = PBXGroup;
			children = (
				1169C5772AB32B0B0030BE81 /* Cells */,
				1169C56B2AB11ECB0030BE81 /* CalendarView.swift */,
				1169C56D2AB27C330030BE81 /* SettingsView.swift */,
			);
			path = SpendingVC;
			sourceTree = "<group>";
		};
		1169C56F2AB27CDF0030BE81 /* Helpers */ = {
			isa = PBXGroup;
			children = (
			);
			path = Helpers;
			sourceTree = "<group>";
		};
		1169C5722AB31BF80030BE81 /* Controllers */ = {
			isa = PBXGroup;
			children = (
				112CFDC52AAA33440070C6D5 /* MainViewController.swift */,
				112CFDE12AAAF9550070C6D5 /* SpendingViewController.swift */,
			);
			path = Controllers;
			sourceTree = "<group>";
		};
		1169C5732AB31C0F0030BE81 /* App */ = {
			isa = PBXGroup;
			children = (
				112CFDC12AAA33440070C6D5 /* AppDelegate.swift */,
				112CFDC32AAA33440070C6D5 /* SceneDelegate.swift */,
				112CFDCF2AAA33450070C6D5 /* Info.plist */,
			);
			path = App;
			sourceTree = "<group>";
		};
		1169C5742AB31C210030BE81 /* Resources */ = {
			isa = PBXGroup;
			children = (
				112CFDCA2AAA33450070C6D5 /* Assets.xcassets */,
				112CFDCC2AAA33450070C6D5 /* LaunchScreen.storyboard */,
			);
			path = Resources;
			sourceTree = "<group>";
		};
		1169C5772AB32B0B0030BE81 /* Cells */ = {
			isa = PBXGroup;
			children = (
			);
			path = Cells;
			sourceTree = "<group>";
		};
/* End PBXGroup section */

/* Begin PBXNativeTarget section */
		112CFDBD2AAA33440070C6D5 /* MySalaryApp */ = {
			isa = PBXNativeTarget;
			buildConfigurationList = 112CFDD22AAA33450070C6D5 /* Build configuration list for PBXNativeTarget "MySalaryApp" */;
			buildPhases = (
				112CFDBA2AAA33440070C6D5 /* Sources */,
				112CFDBB2AAA33440070C6D5 /* Frameworks */,
				112CFDBC2AAA33440070C6D5 /* Resources */,
			);
			buildRules = (
			);
			dependencies = (
			);
			name = MySalaryApp;
			packageProductDependencies = (
				112CFDD62AAA34EB0070C6D5 /* SnapKit */,
			);
			productName = MySalaryApp;
			productReference = 112CFDBE2AAA33440070C6D5 /* MySalaryApp.app */;
			productType = "com.apple.product-type.application";
		};
/* End PBXNativeTarget section */

/* Begin PBXProject section */
		112CFDB62AAA33440070C6D5 /* Project object */ = {
			isa = PBXProject;
			attributes = {
				BuildIndependentTargetsInParallel = 1;
				LastSwiftUpdateCheck = 1430;
				LastUpgradeCheck = 1430;
				TargetAttributes = {
					112CFDBD2AAA33440070C6D5 = {
						CreatedOnToolsVersion = 14.3;
					};
				};
			};
			buildConfigurationList = 112CFDB92AAA33440070C6D5 /* Build configuration list for PBXProject "MySalaryApp" */;
			compatibilityVersion = "Xcode 14.0";
			developmentRegion = en;
			hasScannedForEncodings = 0;
			knownRegions = (
				en,
				Base,
			);
			mainGroup = 112CFDB52AAA33440070C6D5;
			packageReferences = (
				112CFDD52AAA34EB0070C6D5 /* XCRemoteSwiftPackageReference "SnapKit" */,
			);
			productRefGroup = 112CFDBF2AAA33440070C6D5 /* Products */;
			projectDirPath = "";
			projectRoot = "";
			targets = (
				112CFDBD2AAA33440070C6D5 /* MySalaryApp */,
			);
		};
/* End PBXProject section */

/* Begin PBXResourcesBuildPhase section */
		112CFDBC2AAA33440070C6D5 /* Resources */ = {
			isa = PBXResourcesBuildPhase;
			buildActionMask = 2147483647;
			files = (
				112CFDCE2AAA33450070C6D5 /* LaunchScreen.storyboard in Resources */,
				112CFDCB2AAA33450070C6D5 /* Assets.xcassets in Resources */,
			);
			runOnlyForDeploymentPostprocessing = 0;
		};
/* End PBXResourcesBuildPhase section */

/* Begin PBXSourcesBuildPhase section */
		112CFDBA2AAA33440070C6D5 /* Sources */ = {
			isa = PBXSourcesBuildPhase;
			buildActionMask = 2147483647;
			files = (
				112CFDE22AAAF9550070C6D5 /* SpendingViewController.swift in Sources */,
				112CFDC62AAA33440070C6D5 /* MainViewController.swift in Sources */,
				1169C56C2AB11ECB0030BE81 /* CalendarView.swift in Sources */,
				1169C56E2AB27C330030BE81 /* SettingsView.swift in Sources */,
				112CFDDA2AAA399A0070C6D5 /* CurrentSalary.swift in Sources */,
				112CFDC22AAA33440070C6D5 /* AppDelegate.swift in Sources */,
				112CFDDE2AAAE9B40070C6D5 /* ReservedAmount.swift in Sources */,
				112CFDC42AAA33440070C6D5 /* SceneDelegate.swift in Sources */,
				112CFDDC2AAAE47D0070C6D5 /* ExpectedSalary.swift in Sources */,
			);
			runOnlyForDeploymentPostprocessing = 0;
		};
/* End PBXSourcesBuildPhase section */

/* Begin PBXVariantGroup section */
		112CFDCC2AAA33450070C6D5 /* LaunchScreen.storyboard */ = {
			isa = PBXVariantGroup;
			children = (
				112CFDCD2AAA33450070C6D5 /* Base */,
			);
			name = LaunchScreen.storyboard;
			sourceTree = "<group>";
		};
/* End PBXVariantGroup section */

/* Begin XCBuildConfiguration section */
		112CFDD02AAA33450070C6D5 /* Debug */ = {
			isa = XCBuildConfiguration;
			buildSettings = {
				ALWAYS_SEARCH_USER_PATHS = NO;
				CLANG_ANALYZER_NONNULL = YES;
				CLANG_ANALYZER_NUMBER_OBJECT_CONVERSION = YES_AGGRESSIVE;
				CLANG_CXX_LANGUAGE_STANDARD = "gnu++20";
				CLANG_ENABLE_MODULES = YES;
				CLANG_ENABLE_OBJC_ARC = YES;
				CLANG_ENABLE_OBJC_WEAK = YES;
				CLANG_WARN_BLOCK_CAPTURE_AUTORELEASING = YES;
				CLANG_WARN_BOOL_CONVERSION = YES;
				CLANG_WARN_COMMA = YES;
				CLANG_WARN_CONSTANT_CONVERSION = YES;
				CLANG_WARN_DEPRECATED_OBJC_IMPLEMENTATIONS = YES;
				CLANG_WARN_DIRECT_OBJC_ISA_USAGE = YES_ERROR;
				CLANG_WARN_DOCUMENTATION_COMMENTS = YES;
				CLANG_WARN_EMPTY_BODY = YES;
				CLANG_WARN_ENUM_CONVERSION = YES;
				CLANG_WARN_INFINITE_RECURSION = YES;
				CLANG_WARN_INT_CONVERSION = YES;
				CLANG_WARN_NON_LITERAL_NULL_CONVERSION = YES;
				CLANG_WARN_OBJC_IMPLICIT_RETAIN_SELF = YES;
				CLANG_WARN_OBJC_LITERAL_CONVERSION = YES;
				CLANG_WARN_OBJC_ROOT_CLASS = YES_ERROR;
				CLANG_WARN_QUOTED_INCLUDE_IN_FRAMEWORK_HEADER = YES;
				CLANG_WARN_RANGE_LOOP_ANALYSIS = YES;
				CLANG_WARN_STRICT_PROTOTYPES = YES;
				CLANG_WARN_SUSPICIOUS_MOVE = YES;
				CLANG_WARN_UNGUARDED_AVAILABILITY = YES_AGGRESSIVE;
				CLANG_WARN_UNREACHABLE_CODE = YES;
				CLANG_WARN__DUPLICATE_METHOD_MATCH = YES;
				COPY_PHASE_STRIP = NO;
				DEBUG_INFORMATION_FORMAT = dwarf;
				ENABLE_STRICT_OBJC_MSGSEND = YES;
				ENABLE_TESTABILITY = YES;
				GCC_C_LANGUAGE_STANDARD = gnu11;
				GCC_DYNAMIC_NO_PIC = NO;
				GCC_NO_COMMON_BLOCKS = YES;
				GCC_OPTIMIZATION_LEVEL = 0;
				GCC_PREPROCESSOR_DEFINITIONS = (
					"DEBUG=1",
					"$(inherited)",
				);
				GCC_WARN_64_TO_32_BIT_CONVERSION = YES;
				GCC_WARN_ABOUT_RETURN_TYPE = YES_ERROR;
				GCC_WARN_UNDECLARED_SELECTOR = YES;
				GCC_WARN_UNINITIALIZED_AUTOS = YES_AGGRESSIVE;
				GCC_WARN_UNUSED_FUNCTION = YES;
				GCC_WARN_UNUSED_VARIABLE = YES;
				IPHONEOS_DEPLOYMENT_TARGET = 16.4;
				MTL_ENABLE_DEBUG_INFO = INCLUDE_SOURCE;
				MTL_FAST_MATH = YES;
				ONLY_ACTIVE_ARCH = YES;
				SDKROOT = iphoneos;
				SWIFT_ACTIVE_COMPILATION_CONDITIONS = DEBUG;
				SWIFT_OPTIMIZATION_LEVEL = "-Onone";
			};
			name = Debug;
		};
		112CFDD12AAA33450070C6D5 /* Release */ = {
			isa = XCBuildConfiguration;
			buildSettings = {
				ALWAYS_SEARCH_USER_PATHS = NO;
				CLANG_ANALYZER_NONNULL = YES;
				CLANG_ANALYZER_NUMBER_OBJECT_CONVERSION = YES_AGGRESSIVE;
				CLANG_CXX_LANGUAGE_STANDARD = "gnu++20";
				CLANG_ENABLE_MODULES = YES;
				CLANG_ENABLE_OBJC_ARC = YES;
				CLANG_ENABLE_OBJC_WEAK = YES;
				CLANG_WARN_BLOCK_CAPTURE_AUTORELEASING = YES;
				CLANG_WARN_BOOL_CONVERSION = YES;
				CLANG_WARN_COMMA = YES;
				CLANG_WARN_CONSTANT_CONVERSION = YES;
				CLANG_WARN_DEPRECATED_OBJC_IMPLEMENTATIONS = YES;
				CLANG_WARN_DIRECT_OBJC_ISA_USAGE = YES_ERROR;
				CLANG_WARN_DOCUMENTATION_COMMENTS = YES;
				CLANG_WARN_EMPTY_BODY = YES;
				CLANG_WARN_ENUM_CONVERSION = YES;
				CLANG_WARN_INFINITE_RECURSION = YES;
				CLANG_WARN_INT_CONVERSION = YES;
				CLANG_WARN_NON_LITERAL_NULL_CONVERSION = YES;
				CLANG_WARN_OBJC_IMPLICIT_RETAIN_SELF = YES;
				CLANG_WARN_OBJC_LITERAL_CONVERSION = YES;
				CLANG_WARN_OBJC_ROOT_CLASS = YES_ERROR;
				CLANG_WARN_QUOTED_INCLUDE_IN_FRAMEWORK_HEADER = YES;
				CLANG_WARN_RANGE_LOOP_ANALYSIS = YES;
				CLANG_WARN_STRICT_PROTOTYPES = YES;
				CLANG_WARN_SUSPICIOUS_MOVE = YES;
				CLANG_WARN_UNGUARDED_AVAILABILITY = YES_AGGRESSIVE;
				CLANG_WARN_UNREACHABLE_CODE = YES;
				CLANG_WARN__DUPLICATE_METHOD_MATCH = YES;
				COPY_PHASE_STRIP = NO;
				DEBUG_INFORMATION_FORMAT = "dwarf-with-dsym";
				ENABLE_NS_ASSERTIONS = NO;
				ENABLE_STRICT_OBJC_MSGSEND = YES;
				GCC_C_LANGUAGE_STANDARD = gnu11;
				GCC_NO_COMMON_BLOCKS = YES;
				GCC_WARN_64_TO_32_BIT_CONVERSION = YES;
				GCC_WARN_ABOUT_RETURN_TYPE = YES_ERROR;
				GCC_WARN_UNDECLARED_SELECTOR = YES;
				GCC_WARN_UNINITIALIZED_AUTOS = YES_AGGRESSIVE;
				GCC_WARN_UNUSED_FUNCTION = YES;
				GCC_WARN_UNUSED_VARIABLE = YES;
				IPHONEOS_DEPLOYMENT_TARGET = 16.4;
				MTL_ENABLE_DEBUG_INFO = NO;
				MTL_FAST_MATH = YES;
				SDKROOT = iphoneos;
				SWIFT_COMPILATION_MODE = wholemodule;
				SWIFT_OPTIMIZATION_LEVEL = "-O";
				VALIDATE_PRODUCT = YES;
			};
			name = Release;
		};
		112CFDD32AAA33450070C6D5 /* Debug */ = {
			isa = XCBuildConfiguration;
			buildSettings = {
				ASSETCATALOG_COMPILER_APPICON_NAME = AppIcon;
				ASSETCATALOG_COMPILER_GLOBAL_ACCENT_COLOR_NAME = AccentColor;
				CODE_SIGN_STYLE = Automatic;
				CURRENT_PROJECT_VERSION = 1;
				DEVELOPMENT_TEAM = JYGD22Q689;
				GENERATE_INFOPLIST_FILE = YES;
				INFOPLIST_FILE = MySalaryApp/App/Info.plist;
				INFOPLIST_KEY_UIApplicationSupportsIndirectInputEvents = YES;
				INFOPLIST_KEY_UILaunchStoryboardName = LaunchScreen;
				INFOPLIST_KEY_UISupportedInterfaceOrientations_iPad = "UIInterfaceOrientationPortrait UIInterfaceOrientationPortraitUpsideDown UIInterfaceOrientationLandscapeLeft UIInterfaceOrientationLandscapeRight";
				INFOPLIST_KEY_UISupportedInterfaceOrientations_iPhone = "UIInterfaceOrientationPortrait UIInterfaceOrientationLandscapeLeft UIInterfaceOrientationLandscapeRight";
				LD_RUNPATH_SEARCH_PATHS = (
					"$(inherited)",
					"@executable_path/Frameworks",
				);
				MARKETING_VERSION = 1.0;
				PRODUCT_BUNDLE_IDENTIFIER = ru.wkids.MySalaryApp;
				PRODUCT_NAME = "$(TARGET_NAME)";
				SWIFT_EMIT_LOC_STRINGS = YES;
				SWIFT_VERSION = 5.0;
				TARGETED_DEVICE_FAMILY = "1,2";
			};
			name = Debug;
		};
		112CFDD42AAA33450070C6D5 /* Release */ = {
			isa = XCBuildConfiguration;
			buildSettings = {
				ASSETCATALOG_COMPILER_APPICON_NAME = AppIcon;
				ASSETCATALOG_COMPILER_GLOBAL_ACCENT_COLOR_NAME = AccentColor;
				CODE_SIGN_STYLE = Automatic;
				CURRENT_PROJECT_VERSION = 1;
				DEVELOPMENT_TEAM = JYGD22Q689;
				GENERATE_INFOPLIST_FILE = YES;
				INFOPLIST_FILE = MySalaryApp/App/Info.plist;
				INFOPLIST_KEY_UIApplicationSupportsIndirectInputEvents = YES;
				INFOPLIST_KEY_UILaunchStoryboardName = LaunchScreen;
				INFOPLIST_KEY_UISupportedInterfaceOrientations_iPad = "UIInterfaceOrientationPortrait UIInterfaceOrientationPortraitUpsideDown UIInterfaceOrientationLandscapeLeft UIInterfaceOrientationLandscapeRight";
				INFOPLIST_KEY_UISupportedInterfaceOrientations_iPhone = "UIInterfaceOrientationPortrait UIInterfaceOrientationLandscapeLeft UIInterfaceOrientationLandscapeRight";
				LD_RUNPATH_SEARCH_PATHS = (
					"$(inherited)",
					"@executable_path/Frameworks",
				);
				MARKETING_VERSION = 1.0;
				PRODUCT_BUNDLE_IDENTIFIER = ru.wkids.MySalaryApp;
				PRODUCT_NAME = "$(TARGET_NAME)";
				SWIFT_EMIT_LOC_STRINGS = YES;
				SWIFT_VERSION = 5.0;
				TARGETED_DEVICE_FAMILY = "1,2";
			};
			name = Release;
		};
/* End XCBuildConfiguration section */

/* Begin XCConfigurationList section */
		112CFDB92AAA33440070C6D5 /* Build configuration list for PBXProject "MySalaryApp" */ = {
			isa = XCConfigurationList;
			buildConfigurations = (
				112CFDD02AAA33450070C6D5 /* Debug */,
				112CFDD12AAA33450070C6D5 /* Release */,
			);
			defaultConfigurationIsVisible = 0;
			defaultConfigurationName = Release;
		};
		112CFDD22AAA33450070C6D5 /* Build configuration list for PBXNativeTarget "MySalaryApp" */ = {
			isa = XCConfigurationList;
			buildConfigurations = (
				112CFDD32AAA33450070C6D5 /* Debug */,
				112CFDD42AAA33450070C6D5 /* Release */,
			);
			defaultConfigurationIsVisible = 0;
			defaultConfigurationName = Release;
		};
/* End XCConfigurationList section */

/* Begin XCRemoteSwiftPackageReference section */
		112CFDD52AAA34EB0070C6D5 /* XCRemoteSwiftPackageReference "SnapKit" */ = {
			isa = XCRemoteSwiftPackageReference;
			repositoryURL = "https://github.com/SnapKit/SnapKit.git";
			requirement = {
				kind = upToNextMajorVersion;
				minimumVersion = 5.0.0;
			};
		};
/* End XCRemoteSwiftPackageReference section */

/* Begin XCSwiftPackageProductDependency section */
		112CFDD62AAA34EB0070C6D5 /* SnapKit */ = {
			isa = XCSwiftPackageProductDependency;
			package = 112CFDD52AAA34EB0070C6D5 /* XCRemoteSwiftPackageReference "SnapKit" */;
			productName = SnapKit;
		};
/* End XCSwiftPackageProductDependency section */
	};
	rootObject = 112CFDB62AAA33440070C6D5 /* Project object */;
}
